
Microsoft Visual Studio Solution File, Format Version 12.00
# Visual Studio Version 17
VisualStudioVersion = 17.10.34928.147
MinimumVisualStudioVersion = 10.0.40219.1
Project("{FAE04EC0-301F-11D3-BF4B-00C04F79EFBC}") = "MidTerm_AbhinavTyagi", "MidTerm_AbhinavTyagi\MidTerm_AbhinavTyagi.csproj", "{4B23665E-B382-4270-84DE-7BD786E0D865}"
EndProject
Global
	GlobalSection(SolutionConfigurationPlatforms) = preSolution
		Debug|Any CPU = Debug|Any CPU
		Release|Any CPU = Release|Any CPU
	EndGlobalSection
	GlobalSection(ProjectConfigurationPlatforms) = postSolution
		{4B23665E-B382-4270-84DE-7BD786E0D865}.Debug|Any CPU.ActiveCfg = Debug|Any CPU
		{4B23665E-B382-4270-84DE-7BD786E0D865}.Debug|Any CPU.Build.0 = Debug|Any CPU
		{4B23665E-B382-4270-84DE-7BD786E0D865}.Release|Any CPU.ActiveCfg = Release|Any CPU
		{4B23665E-B382-4270-84DE-7BD786E0D865}.Release|Any CPU.Build.0 = Release|Any CPU
	EndGlobalSection
	GlobalSection(SolutionProperties) = preSolution
		HideSolutionNode = FALSE
	EndGlobalSection
	GlobalSection(ExtensibilityGlobals) = postSolution
		SolutionGuid = {01FE4DBF-0F7B-4A48-A681-775C39F0FFF5}
	EndGlobalSection
EndGlobal
